
Microsoft Visual Studio Solution File, Format Version 12.00
# Visual Studio Version 17
VisualStudioVersion = 17.4.33103.184
MinimumVisualStudioVersion = 10.0.40219.1
Project("{FAE04EC0-301F-11D3-BF4B-00C04F79EFBC}") = "Lab04_Rodko", "Lab04_Rodko\Lab04_Rodko.csproj", "{56886EE9-7B9D-4D4D-A157-A6F52AEFA58A}"
EndProject
Global
	GlobalSection(SolutionConfigurationPlatforms) = preSolution
		Debug|Any CPU = Debug|Any CPU
		Release|Any CPU = Release|Any CPU
	EndGlobalSection
	GlobalSection(ProjectConfigurationPlatforms) = postSolution
		{56886EE9-7B9D-4D4D-A157-A6F52AEFA58A}.Debug|Any CPU.ActiveCfg = Debug|Any CPU
		{56886EE9-7B9D-4D4D-A157-A6F52AEFA58A}.Debug|Any CPU.Build.0 = Debug|Any CPU
		{56886EE9-7B9D-4D4D-A157-A6F52AEFA58A}.Release|Any CPU.ActiveCfg = Release|Any CPU
		{56886EE9-7B9D-4D4D-A157-A6F52AEFA58A}.Release|Any CPU.Build.0 = Release|Any CPU
	EndGlobalSection
	GlobalSection(SolutionProperties) = preSolution
		HideSolutionNode = FALSE
	EndGlobalSection
	GlobalSection(ExtensibilityGlobals) = postSolution
		SolutionGuid = {5AE39EBB-CDC5-48A2-B0D3-F9616F3A16AF}
	EndGlobalSection
EndGlobal
